Microsoft Visual Studio Solution File, Format Version 11.00
# Visual Studio 2013
Project("{BC103D31-FDF5-7B91-11B0-5741D683607E}") = "JUCETool", "JUCETool.vcxproj", "{C93F5447-91B1-845B-3F46-AF10C14FF9D7}"
EndProject
Global
	GlobalSection(SolutionConfigurationPlatforms) = preSolution
		Debug|Win32 = Debug|Win32
		Release|Win32 = Release|Win32
	EndGlobalSection
	GlobalSection(ProjectConfigurationPlatforms) = postSolution
		{C93F5447-91B1-845B-3F46-AF10C14FF9D7}.Debug|Win32.ActiveCfg = Debug|Win32
		{C93F5447-91B1-845B-3F46-AF10C14FF9D7}.Debug|Win32.Build.0 = Debug|Win32
		{C93F5447-91B1-845B-3F46-AF10C14FF9D7}.Release|Win32.ActiveCfg = Release|Win32
		{C93F5447-91B1-845B-3F46-AF10C14FF9D7}.Release|Win32.Build.0 = Release|Win32
	EndGlobalSection
	GlobalSection(SolutionProperties) = preSolution
		HideSolutionNode = FALSE
	EndGlobalSection
EndGlobal
